
Microsoft Visual Studio Solution File, Format Version 12.00
# Visual Studio 2015
Project("{FAE04EC0-301F-11D3-BF4B-00C04F79EFBC}") = "ShapeShifter.CSharp.Plugins", "ShapeShifter.CSharp.Plugins.csproj", "{36BA1B76-1F83-D417-588A-B5F40D0CEB32}"
EndProject
Project("{FAE04EC0-301F-11D3-BF4B-00C04F79EFBC}") = "ShapeShifter.CSharp.Editor", "ShapeShifter.CSharp.Editor.csproj", "{930F97D7-1912-D152-B012-EEDD420A9E81}"
EndProject
Global
	GlobalSection(SolutionConfigurationPlatforms) = preSolution
		Debug|Any CPU = Debug|Any CPU
		Release|Any CPU = Release|Any CPU
	EndGlobalSection
	GlobalSection(ProjectConfigurationPlatforms) = postSolution
		{36BA1B76-1F83-D417-588A-B5F40D0CEB32}.Debug|Any CPU.ActiveCfg = Debug|Any CPU
		{36BA1B76-1F83-D417-588A-B5F40D0CEB32}.Debug|Any CPU.Build.0 = Debug|Any CPU
		{36BA1B76-1F83-D417-588A-B5F40D0CEB32}.Release|Any CPU.ActiveCfg = Release|Any CPU
		{36BA1B76-1F83-D417-588A-B5F40D0CEB32}.Release|Any CPU.Build.0 = Release|Any CPU
		{930F97D7-1912-D152-B012-EEDD420A9E81}.Debug|Any CPU.ActiveCfg = Debug|Any CPU
		{930F97D7-1912-D152-B012-EEDD420A9E81}.Debug|Any CPU.Build.0 = Debug|Any CPU
		{930F97D7-1912-D152-B012-EEDD420A9E81}.Release|Any CPU.ActiveCfg = Release|Any CPU
		{930F97D7-1912-D152-B012-EEDD420A9E81}.Release|Any CPU.Build.0 = Release|Any CPU
	EndGlobalSection
	GlobalSection(SolutionProperties) = preSolution
		HideSolutionNode = FALSE
	EndGlobalSection
EndGlobal
